{
  "name": "ifpi-ads-2023.1-algoritmos",
  "version": "1.0.0",
  "lockfileVersion": 3,
  "requires": true,
  "packages": {
    "": {
      "name": "ifpi-ads-2023.1-algoritmos",
      "version": "1.0.0",
      "license": "MIT",
      "dependencies": {
        "readline-sync": "^1.4.10",
        "scanf-printf-obi": "^1.0.0",
        "ulidx": "^2.0.0"
      }
    },
    "node_modules/layerr": {
      "version": "2.0.0",
      "resolved": "https://registry.npmjs.org/layerr/-/layerr-2.0.0.tgz",
      "integrity": "sha512-d17+qA3CAekh29Z67nLQaqCXJSvoo9zKBvZAziYdDwTOeA1XdOoTuLtNOLg+TW5Tse+D9bw8VHsTQo5vU7G/kA=="
    },
    "node_modules/readline-sync": {
      "version": "1.4.10",
      "resolved": "https://registry.npmjs.org/readline-sync/-/readline-sync-1.4.10.tgz",
      "integrity": "sha512-gNva8/6UAe8QYepIQH/jQ2qn91Qj0B9sYjMBBs3QOB8F2CXcKgLxQaJRP76sWVRQt+QU+8fAkCbCvjjMFu7Ycw==",
      "license": "MIT",
      "engines": {
        "node": ">= 0.8.0"
      }
    },
    "node_modules/scanf-printf-obi": {
      "version": "1.0.0",
      "resolved": "https://registry.npmjs.org/scanf-printf-obi/-/scanf-printf-obi-1.0.0.tgz",
      "integrity": "sha512-XSBZzkGnPqBDF17wAuycT+820pSPSU3GLyTR77O68gkndlAa6drZoNdHPumRvE6FUFuw0H1ws9nK4bytWKBZhw==",
      "license": "ISC"
    },
    "node_modules/ulidx": {
      "version": "2.0.0",
      "resolved": "https://registry.npmjs.org/ulidx/-/ulidx-2.0.0.tgz",
      "integrity": "sha512-cz6HnYL8aQeR1l7qgo4qK88kLhnVQn1qLjALMoa4rtmj6/jw3yS2KUxu3r+d8GSKkeK9ctw+n8VmCygqfDtckA==",
      "dependencies": {
        "layerr": "^2.0.0"
      },
      "engines": {
        "node": ">=16"
      }
    }
  }
}
